
Microsoft Visual Studio Solution File, Format Version 12.00
# Visual Studio Version 17
VisualStudioVersion = 17.14.36623.8 d17.14
MinimumVisualStudioVersion = 10.0.40219.1
Project("{FAE04EC0-301F-11D3-BF4B-00C04F79EFBC}") = "POOI-cibertec-demo", "POOI-cibertec-demo\POOI-cibertec-demo.csproj", "{64CA8C34-54FF-43BD-89B2-4F01DD49606D}"
EndProject
Global
	GlobalSection(SolutionConfigurationPlatforms) = preSolution
		Debug|Any CPU = Debug|Any CPU
		Release|Any CPU = Release|Any CPU
	EndGlobalSection
	GlobalSection(ProjectConfigurationPlatforms) = postSolution
		{64CA8C34-54FF-43BD-89B2-4F01DD49606D}.Debug|Any CPU.ActiveCfg = Debug|Any CPU
		{64CA8C34-54FF-43BD-89B2-4F01DD49606D}.Debug|Any CPU.Build.0 = Debug|Any CPU
		{64CA8C34-54FF-43BD-89B2-4F01DD49606D}.Release|Any CPU.ActiveCfg = Release|Any CPU
		{64CA8C34-54FF-43BD-89B2-4F01DD49606D}.Release|Any CPU.Build.0 = Release|Any CPU
	EndGlobalSection
	GlobalSection(SolutionProperties) = preSolution
		HideSolutionNode = FALSE
	EndGlobalSection
	GlobalSection(ExtensibilityGlobals) = postSolution
		SolutionGuid = {47879937-5EFE-4D35-B4D0-C031CF162589}
	EndGlobalSection
EndGlobal
